Microsoft Visual Studio Solution File, Format Version 12.00
# Visual Studio Version 17
VisualStudioVersion = 17.5.2.0
MinimumVisualStudioVersion = 10.0.40219.1
Project("{FAE04EC0-301F-11D3-BF4B-00C04F79EFBC}") = "Flow.Launcher.Plugin.Insert", "Flow.Launcher.Plugin.Insert.csproj", "{FFED81F2-FF9D-F512-AF66-63A392348012}"
EndProject
Global
	GlobalSection(SolutionConfigurationPlatforms) = preSolution
		Debug|Any CPU = Debug|Any CPU
		Release|Any CPU = Release|Any CPU
	EndGlobalSection
	GlobalSection(ProjectConfigurationPlatforms) = postSolution
		{FFED81F2-FF9D-F512-AF66-63A392348012}.Debug|Any CPU.ActiveCfg = Debug|Any CPU
		{FFED81F2-FF9D-F512-AF66-63A392348012}.Debug|Any CPU.Build.0 = Debug|Any CPU
		{FFED81F2-FF9D-F512-AF66-63A392348012}.Release|Any CPU.ActiveCfg = Release|Any CPU
		{FFED81F2-FF9D-F512-AF66-63A392348012}.Release|Any CPU.Build.0 = Release|Any CPU
	EndGlobalSection
	GlobalSection(SolutionProperties) = preSolution
		HideSolutionNode = FALSE
	EndGlobalSection
	GlobalSection(ExtensibilityGlobals) = postSolution
		SolutionGuid = {668B7E77-D266-40CC-B51E-A7D30BDA6656}
	EndGlobalSection
EndGlobal
